{
  "name": "@openclaw/max",
  "version": "0.1.0",
  "lockfileVersion": 3,
  "requires": true,
  "packages": {
    "": {
      "name": "@openclaw/max",
      "version": "0.1.0",
      "dependencies": {
        "@maxhub/max-bot-api": "^0.2.2",
        "typebox": "^1.1.38"
      },
      "devDependencies": {
        "@types/node": "^22.5.5",
        "typescript": "^5.4.2"
      },
      "peerDependencies": {
        "openclaw": "file:../../../.local/lib/node_modules/openclaw"
      }
    },
    "../../../.local/lib/node_modules/openclaw": {
      "version": "2026.5.28",
      "hasInstallScript": true,
      "license": "MIT",
      "peer": true,
      "dependencies": {
        "@agentclientprotocol/sdk": "0.22.1",
        "@anthropic-ai/sdk": "0.98.0",
        "@clack/core": "1.3.1",
        "@clack/prompts": "1.4.0",
        "@earendil-works/pi-tui": "0.76.0",
        "@google/genai": "2.6.0",
        "@grammyjs/runner": "2.0.3",
        "@grammyjs/transformer-throttler": "1.2.1",
        "@homebridge/ciao": "1.3.9",
        "@lydell/node-pty": "1.2.0-beta.12",
        "@mistralai/mistralai": "2.2.5",
        "@modelcontextprotocol/sdk": "1.29.0",
        "@mozilla/readability": "0.6.0",
        "@openclaw/fs-safe": "0.3.0",
        "@openclaw/proxyline": "0.3.3",
        "@silvia-odwyer/photon-node": "0.3.4",
        "chalk": "5.6.2",
        "chokidar": "5.0.0",
        "clawpdf": "0.2.0",
        "commander": "14.0.3",
        "croner": "10.0.1",
        "cross-spawn": "7.0.6",
        "diff": "9.0.0",
        "dotenv": "17.4.2",
        "express": "5.2.1",
        "file-type": "22.0.1",
        "glob": "13.0.6",
        "grammy": "1.43.0",
        "highlight.js": "11.11.1",
        "hosted-git-info": "9.0.3",
        "ignore": "7.0.5",
        "ipaddr.js": "2.4.0",
        "jiti": "2.7.0",
        "json5": "2.2.3",
        "jszip": "3.10.1",
        "kysely": "0.29.2",
        "linkedom": "0.18.12",
        "markdown-it": "14.2.0",
        "minimatch": "10.2.5",
        "node-edge-tts": "1.2.10",
        "openai": "6.39.0",
        "partial-json": "0.1.7",
        "playwright-core": "1.60.0",
        "proper-lockfile": "4.1.2",
        "qrcode": "1.5.4",
        "quickjs-wasi": "3.0.0",
        "rastermill": "0.3.0",
        "tar": "7.5.15",
        "tree-sitter-bash": "0.25.1",
        "tslog": "4.10.2",
        "typebox": "1.1.38",
        "typescript": "6.0.3",
        "undici": "8.3.0",
        "web-push": "3.6.7",
        "web-tree-sitter": "0.26.9",
        "ws": "8.21.0",
        "yaml": "2.9.0",
        "zod": "4.4.3"
      },
      "bin": {
        "openclaw": "openclaw.mjs"
      },
      "devDependencies": {
        "@a2ui/lit": "0.10.0",
        "@copilotkit/aimock": "1.27.1",
        "@grammyjs/types": "3.27.3",
        "@lit-labs/signals": "0.3.0",
        "@lit/context": "1.1.6",
        "@mdx-js/mdx": "3.1.1",
        "@shikijs/core": "4.1.0",
        "@shikijs/engine-javascript": "4.1.0",
        "@shikijs/engine-oniguruma": "4.1.0",
        "@types/cross-spawn": "6.0.6",
        "@types/express": "5.0.6",
        "@types/hosted-git-info": "3.0.5",
        "@types/markdown-it": "14.1.2",
        "@types/node": "25.9.1",
        "@types/proper-lockfile": "4.1.4",
        "@types/ws": "8.18.1",
        "@typescript/native-preview": "7.0.0-dev.20260527.2",
        "@vitest/coverage-v8": "4.1.7",
        "esbuild": "0.28.0",
        "jscpd": "4.2.4",
        "jsdom": "29.1.1",
        "lit": "3.3.3",
        "oxfmt": "0.52.0",
        "oxlint": "1.67.0",
        "oxlint-tsgolint": "0.23.0",
        "shiki": "4.1.0",
        "signal-utils": "0.21.1",
        "tsdown": "0.22.0",
        "tsx": "4.22.3",
        "unrun": "0.3.0",
        "vitest": "4.1.7"
      },
      "engines": {
        "node": ">=22.19.0"
      },
      "optionalDependencies": {
        "sqlite-vec": "0.1.9"
      }
    },
    "node_modules/@maxhub/max-bot-api": {
      "version": "0.2.2",
      "resolved": "https://registry.npmjs.org/@maxhub/max-bot-api/-/max-bot-api-0.2.2.tgz",
      "integrity": "sha512-Su3Ar7L+lsOctu7V5+me+eh+84l909ka3LtlPVuBbSz1fygk5L/F45HQp1vaUGg9sRpQ6/qoyKg6HJgemnX3mg==",
      "license": "MIT",
      "dependencies": {
        "debug": "^4.3.7",
        "vcf": "^2.1.2"
      },
      "engines": {
        "node": ">=18.18.0"
      }
    },
    "node_modules/@types/node": {
      "version": "22.19.19",
      "resolved": "https://registry.npmjs.org/@types/node/-/node-22.19.19.tgz",
      "integrity": "sha512-dyh/xO2Fh5bYrfWaaqGrRQQGkNdmYw6AmaAUvYeUMNTWQtvb796ikLdmTchRmOlOiIJ1TDXfWgVx1QkUlQ6Hew==",
      "dev": true,
      "license": "MIT",
      "dependencies": {
        "undici-types": "~6.21.0"
      }
    },
    "node_modules/camelcase": {
      "version": "5.3.1",
      "resolved": "https://registry.npmjs.org/camelcase/-/camelcase-5.3.1.tgz",
      "integrity": "sha512-L28STB170nwWS63UjtlEOE3dldQApaJXZkOI1uMFfzf3rRuPegHaHesyee+YxQ+W6SvRDQV6UrdOdRiR153wJg==",
      "license": "MIT",
      "engines": {
        "node": ">=6"
      }
    },
    "node_modules/debug": {
      "version": "4.4.3",
      "resolved": "https://registry.npmjs.org/debug/-/debug-4.4.3.tgz",
      "integrity": "sha512-RGwwWnwQvkVfavKVt22FGLw+xYSdzARwm0ru6DhTVA3umU5hZc28V3kO4stgYryrTlLpuvgI9GiijltAjNbcqA==",
      "license": "MIT",
      "dependencies": {
        "ms": "^2.1.3"
      },
      "engines": {
        "node": ">=6.0"
      },
      "peerDependenciesMeta": {
        "supports-color": {
          "optional": true
        }
      }
    },
    "node_modules/foldline": {
      "version": "1.1.0",
      "resolved": "https://registry.npmjs.org/foldline/-/foldline-1.1.0.tgz",
      "integrity": "sha512-9SheyADS50hjvFYjFJ3OB/GlDz2mD1T2CHd7auIk4Uto5YYWPBcw8iYo3F+gENJ+/SOeH9tT0loHZSqlUlumTA==",
      "license": "MIT"
    },
    "node_modules/ms": {
      "version": "2.1.3",
      "resolved": "https://registry.npmjs.org/ms/-/ms-2.1.3.tgz",
      "integrity": "sha512-6FlzubTLZG3J2a/NVCAleEhjzq5oxgHyaCU9yYXvcLsvoVaHJq/s5xXI6/XXP6tz7R9xAOtHnSO/tXtF3WRTlA==",
      "license": "MIT"
    },
    "node_modules/openclaw": {
      "resolved": "../../../.local/lib/node_modules/openclaw",
      "link": true
    },
    "node_modules/typebox": {
      "version": "1.1.38",
      "resolved": "https://registry.npmjs.org/typebox/-/typebox-1.1.38.tgz",
      "integrity": "sha512-pZ0aQPmMmXoUvSbeuWf/Hzsc+avNw/Zd6VeE8CFgkVGWyuHPJvqeJJDeJqLve+K70LvjYIoleGcoJHPT17cWoA==",
      "license": "MIT"
    },
    "node_modules/typescript": {
      "version": "5.9.3",
      "resolved": "https://registry.npmjs.org/typescript/-/typescript-5.9.3.tgz",
      "integrity": "sha512-jl1vZzPDinLr9eUt3J/t7V6FgNEw9QjvBPdysz9KfQDD41fQrC2Y4vKQdiaUpFT4bXlb1RHhLpp8wtm6M5TgSw==",
      "dev": true,
      "license": "Apache-2.0",
      "bin": {
        "tsc": "bin/tsc",
        "tsserver": "bin/tsserver"
      },
      "engines": {
        "node": ">=14.17"
      }
    },
    "node_modules/undici-types": {
      "version": "6.21.0",
      "resolved": "https://registry.npmjs.org/undici-types/-/undici-types-6.21.0.tgz",
      "integrity": "sha512-iwDZqg0QAGrg9Rav5H4n0M64c3mkR59cJ6wQp+7C4nI0gsmExaedaYLNO44eT4AtBBwjbTiGPMlt2Md0T9H9JQ==",
      "dev": true,
      "license": "MIT"
    },
    "node_modules/vcf": {
      "version": "2.1.2",
      "resolved": "https://registry.npmjs.org/vcf/-/vcf-2.1.2.tgz",
      "integrity": "sha512-oLYtZ+GJPjpKS950fw70+HavdP7ZO2Q+xMCMeCyiUKuXkJJJG1/wUjCKTagPryS1gApYjZOWW/khmdLsch8jxg==",
      "license": "MIT",
      "dependencies": {
        "camelcase": "^5.0.0",
        "foldline": "^1.1.0"
      }
    }
  }
}
